
Microsoft Visual Studio Solution File, Format Version 12.00
Project("{FAE04EC0-301F-11D3-BF4B-00C04F79EFBC}") = "Kaizen", "Kaizen\Kaizen.csproj", "{E78E00DF-26DA-4916-B901-7C2D8336236F}"
EndProject
Project("{2150E333-8FDC-42A3-9474-1A3956D46DE8}") = "Solution Items", "Solution Items", "{DC1DF977-2BE9-4260-BD59-0A7EF4B1505A}"
	ProjectSection(SolutionItems) = preProject
		docker-compose.yml = docker-compose.yml
	EndProjectSection
EndProject
Project("{FAE04EC0-301F-11D3-BF4B-00C04F79EFBC}") = "ConveyorBelts", "ConveyorBelts\ConveyorBelts.csproj", "{4EAF0AAA-8736-4BAE-AEDE-EC29D5010658}"
EndProject
Project("{FAE04EC0-301F-11D3-BF4B-00C04F79EFBC}") = "Database", "Database\Database.csproj", "{7C7A1B11-3FCD-48BB-9684-E47BD936554C}"
EndProject
Project("{FAE04EC0-301F-11D3-BF4B-00C04F79EFBC}") = "DataReporting", "DataReporting\DataReporting.csproj", "{1F704F48-0A95-4BAD-8FB0-F35E5E312D99}"
EndProject
Project("{FAE04EC0-301F-11D3-BF4B-00C04F79EFBC}") = "Imaging", "Imaging\Imaging.csproj", "{F5410203-28A2-4076-994E-4824D0227E2B}"
EndProject
Project("{FAE04EC0-301F-11D3-BF4B-00C04F79EFBC}") = "Logging", "Logging\Logging.csproj", "{F30ABF3F-8119-4798-B883-0E0689C7BB9E}"
EndProject
Project("{FAE04EC0-301F-11D3-BF4B-00C04F79EFBC}") = "Robot", "Robot\Robot.csproj", "{C43BB7DC-8ADB-46D1-A7EF-C3E68B0C742A}"
EndProject
Project("{FAE04EC0-301F-11D3-BF4B-00C04F79EFBC}") = "Safety", "Safety\Safety.csproj", "{1EDAED81-6103-4307-9A74-B3E7F53CA096}"
EndProject
Project("{FAE04EC0-301F-11D3-BF4B-00C04F79EFBC}") = "Scanners", "Scanners\Scanners.csproj", "{3528AB4D-9AEA-4776-892E-34A7B769D64F}"
EndProject
Project("{FAE04EC0-301F-11D3-BF4B-00C04F79EFBC}") = "Sensors", "Sensors\Sensors.csproj", "{04ED1E16-A9CA-475D-ADA8-26FD81164973}"
EndProject
Project("{FAE04EC0-301F-11D3-BF4B-00C04F79EFBC}") = "UI", "UI\UI.csproj", "{95B1D4C6-7C81-48CB-92EB-16143A20774E}"
EndProject
Project("{FAE04EC0-301F-11D3-BF4B-00C04F79EFBC}") = "Workflows", "Workflows\Workflows.csproj", "{B1117642-CD80-408F-BBCA-61B0061244BE}"
EndProject
Project("{FAE04EC0-301F-11D3-BF4B-00C04F79EFBC}") = "Shared", "Shared\Shared.csproj", "{75D3016F-1E0A-421E-95B2-A4633C970DBC}"
EndProject
Project("{FAE04EC0-301F-11D3-BF4B-00C04F79EFBC}") = "Messaging", "Messaging\Messaging.csproj", "{3BA0FCBF-B3D4-477D-9707-04B954ED5DAF}"
EndProject
Project("{2150E333-8FDC-42A3-9474-1A3956D46DE8}") = "Modules", "Modules", "{2579BDCA-1396-46C2-95C1-A3B46E7130E3}"
EndProject
Global
	GlobalSection(SolutionConfigurationPlatforms) = preSolution
		Debug|Any CPU = Debug|Any CPU
		Release|Any CPU = Release|Any CPU
	EndGlobalSection
	GlobalSection(ProjectConfigurationPlatforms) = postSolution
		{E78E00DF-26DA-4916-B901-7C2D8336236F}.Debug|Any CPU.ActiveCfg = Debug|Any CPU
		{E78E00DF-26DA-4916-B901-7C2D8336236F}.Debug|Any CPU.Build.0 = Debug|Any CPU
		{E78E00DF-26DA-4916-B901-7C2D8336236F}.Release|Any CPU.ActiveCfg = Release|Any CPU
		{E78E00DF-26DA-4916-B901-7C2D8336236F}.Release|Any CPU.Build.0 = Release|Any CPU
		{4EAF0AAA-8736-4BAE-AEDE-EC29D5010658}.Debug|Any CPU.ActiveCfg = Debug|Any CPU
		{4EAF0AAA-8736-4BAE-AEDE-EC29D5010658}.Debug|Any CPU.Build.0 = Debug|Any CPU
		{4EAF0AAA-8736-4BAE-AEDE-EC29D5010658}.Release|Any CPU.ActiveCfg = Release|Any CPU
		{4EAF0AAA-8736-4BAE-AEDE-EC29D5010658}.Release|Any CPU.Build.0 = Release|Any CPU
		{7C7A1B11-3FCD-48BB-9684-E47BD936554C}.Debug|Any CPU.ActiveCfg = Debug|Any CPU
		{7C7A1B11-3FCD-48BB-9684-E47BD936554C}.Debug|Any CPU.Build.0 = Debug|Any CPU
		{7C7A1B11-3FCD-48BB-9684-E47BD936554C}.Release|Any CPU.ActiveCfg = Release|Any CPU
		{7C7A1B11-3FCD-48BB-9684-E47BD936554C}.Release|Any CPU.Build.0 = Release|Any CPU
		{1F704F48-0A95-4BAD-8FB0-F35E5E312D99}.Debug|Any CPU.ActiveCfg = Debug|Any CPU
		{1F704F48-0A95-4BAD-8FB0-F35E5E312D99}.Debug|Any CPU.Build.0 = Debug|Any CPU
		{1F704F48-0A95-4BAD-8FB0-F35E5E312D99}.Release|Any CPU.ActiveCfg = Release|Any CPU
		{1F704F48-0A95-4BAD-8FB0-F35E5E312D99}.Release|Any CPU.Build.0 = Release|Any CPU
		{F5410203-28A2-4076-994E-4824D0227E2B}.Debug|Any CPU.ActiveCfg = Debug|Any CPU
		{F5410203-28A2-4076-994E-4824D0227E2B}.Debug|Any CPU.Build.0 = Debug|Any CPU
		{F5410203-28A2-4076-994E-4824D0227E2B}.Release|Any CPU.ActiveCfg = Release|Any CPU
		{F5410203-28A2-4076-994E-4824D0227E2B}.Release|Any CPU.Build.0 = Release|Any CPU
		{F30ABF3F-8119-4798-B883-0E0689C7BB9E}.Debug|Any CPU.ActiveCfg = Debug|Any CPU
		{F30ABF3F-8119-4798-B883-0E0689C7BB9E}.Debug|Any CPU.Build.0 = Debug|Any CPU
		{F30ABF3F-8119-4798-B883-0E0689C7BB9E}.Release|Any CPU.ActiveCfg = Release|Any CPU
		{F30ABF3F-8119-4798-B883-0E0689C7BB9E}.Release|Any CPU.Build.0 = Release|Any CPU
		{C43BB7DC-8ADB-46D1-A7EF-C3E68B0C742A}.Debug|Any CPU.ActiveCfg = Debug|Any CPU
		{C43BB7DC-8ADB-46D1-A7EF-C3E68B0C742A}.Debug|Any CPU.Build.0 = Debug|Any CPU
		{C43BB7DC-8ADB-46D1-A7EF-C3E68B0C742A}.Release|Any CPU.ActiveCfg = Release|Any CPU
		{C43BB7DC-8ADB-46D1-A7EF-C3E68B0C742A}.Release|Any CPU.Build.0 = Release|Any CPU
		{1EDAED81-6103-4307-9A74-B3E7F53CA096}.Debug|Any CPU.ActiveCfg = Debug|Any CPU
		{1EDAED81-6103-4307-9A74-B3E7F53CA096}.Debug|Any CPU.Build.0 = Debug|Any CPU
		{1EDAED81-6103-4307-9A74-B3E7F53CA096}.Release|Any CPU.ActiveCfg = Release|Any CPU
		{1EDAED81-6103-4307-9A74-B3E7F53CA096}.Release|Any CPU.Build.0 = Release|Any CPU
		{3528AB4D-9AEA-4776-892E-34A7B769D64F}.Debug|Any CPU.ActiveCfg = Debug|Any CPU
		{3528AB4D-9AEA-4776-892E-34A7B769D64F}.Debug|Any CPU.Build.0 = Debug|Any CPU
		{3528AB4D-9AEA-4776-892E-34A7B769D64F}.Release|Any CPU.ActiveCfg = Release|Any CPU
		{3528AB4D-9AEA-4776-892E-34A7B769D64F}.Release|Any CPU.Build.0 = Release|Any CPU
		{04ED1E16-A9CA-475D-ADA8-26FD81164973}.Debug|Any CPU.ActiveCfg = Debug|Any CPU
		{04ED1E16-A9CA-475D-ADA8-26FD81164973}.Debug|Any CPU.Build.0 = Debug|Any CPU
		{04ED1E16-A9CA-475D-ADA8-26FD81164973}.Release|Any CPU.ActiveCfg = Release|Any CPU
		{04ED1E16-A9CA-475D-ADA8-26FD81164973}.Release|Any CPU.Build.0 = Release|Any CPU
		{95B1D4C6-7C81-48CB-92EB-16143A20774E}.Debug|Any CPU.ActiveCfg = Debug|Any CPU
		{95B1D4C6-7C81-48CB-92EB-16143A20774E}.Debug|Any CPU.Build.0 = Debug|Any CPU
		{95B1D4C6-7C81-48CB-92EB-16143A20774E}.Release|Any CPU.ActiveCfg = Release|Any CPU
		{95B1D4C6-7C81-48CB-92EB-16143A20774E}.Release|Any CPU.Build.0 = Release|Any CPU
		{B1117642-CD80-408F-BBCA-61B0061244BE}.Debug|Any CPU.ActiveCfg = Debug|Any CPU
		{B1117642-CD80-408F-BBCA-61B0061244BE}.Debug|Any CPU.Build.0 = Debug|Any CPU
		{B1117642-CD80-408F-BBCA-61B0061244BE}.Release|Any CPU.ActiveCfg = Release|Any CPU
		{B1117642-CD80-408F-BBCA-61B0061244BE}.Release|Any CPU.Build.0 = Release|Any CPU
		{75D3016F-1E0A-421E-95B2-A4633C970DBC}.Debug|Any CPU.ActiveCfg = Debug|Any CPU
		{75D3016F-1E0A-421E-95B2-A4633C970DBC}.Debug|Any CPU.Build.0 = Debug|Any CPU
		{75D3016F-1E0A-421E-95B2-A4633C970DBC}.Release|Any CPU.ActiveCfg = Release|Any CPU
		{75D3016F-1E0A-421E-95B2-A4633C970DBC}.Release|Any CPU.Build.0 = Release|Any CPU
		{3BA0FCBF-B3D4-477D-9707-04B954ED5DAF}.Debug|Any CPU.ActiveCfg = Debug|Any CPU
		{3BA0FCBF-B3D4-477D-9707-04B954ED5DAF}.Debug|Any CPU.Build.0 = Debug|Any CPU
		{3BA0FCBF-B3D4-477D-9707-04B954ED5DAF}.Release|Any CPU.ActiveCfg = Release|Any CPU
		{3BA0FCBF-B3D4-477D-9707-04B954ED5DAF}.Release|Any CPU.Build.0 = Release|Any CPU
	EndGlobalSection
	GlobalSection(NestedProjects) = preSolution
		{1F704F48-0A95-4BAD-8FB0-F35E5E312D99} = {2579BDCA-1396-46C2-95C1-A3B46E7130E3}
		{1EDAED81-6103-4307-9A74-B3E7F53CA096} = {2579BDCA-1396-46C2-95C1-A3B46E7130E3}
		{75D3016F-1E0A-421E-95B2-A4633C970DBC} = {2579BDCA-1396-46C2-95C1-A3B46E7130E3}
		{C43BB7DC-8ADB-46D1-A7EF-C3E68B0C742A} = {2579BDCA-1396-46C2-95C1-A3B46E7130E3}
		{7C7A1B11-3FCD-48BB-9684-E47BD936554C} = {2579BDCA-1396-46C2-95C1-A3B46E7130E3}
		{3528AB4D-9AEA-4776-892E-34A7B769D64F} = {2579BDCA-1396-46C2-95C1-A3B46E7130E3}
		{F30ABF3F-8119-4798-B883-0E0689C7BB9E} = {2579BDCA-1396-46C2-95C1-A3B46E7130E3}
		{F5410203-28A2-4076-994E-4824D0227E2B} = {2579BDCA-1396-46C2-95C1-A3B46E7130E3}
		{04ED1E16-A9CA-475D-ADA8-26FD81164973} = {2579BDCA-1396-46C2-95C1-A3B46E7130E3}
		{4EAF0AAA-8736-4BAE-AEDE-EC29D5010658} = {2579BDCA-1396-46C2-95C1-A3B46E7130E3}
		{3BA0FCBF-B3D4-477D-9707-04B954ED5DAF} = {2579BDCA-1396-46C2-95C1-A3B46E7130E3}
		{B1117642-CD80-408F-BBCA-61B0061244BE} = {2579BDCA-1396-46C2-95C1-A3B46E7130E3}
		{95B1D4C6-7C81-48CB-92EB-16143A20774E} = {2579BDCA-1396-46C2-95C1-A3B46E7130E3}
	EndGlobalSection
EndGlobal
